{
  "object": {
    "pins": [
      {
        "package": "TiledResources",
        "repositoryURL": "https://github.com/SwiftStudies/TiledResources.git",
        "state": {
          "branch": null,
          "revision": "74f0e8d73e0842b2bef9356275f2d4732d0b1cea",
          "version": "0.3.0"
        }
      },
      {
        "package": "XMLCoder",
        "repositoryURL": "https://github.com/MaxDesiatov/XMLCoder.git",
        "state": {
          "branch": null,
          "revision": "ac411bd6ab342780be0dfe6f679410f791d751d9",
          "version": "0.11.1"
        }
      }
    ]
  },
  "version": 1
}
