{
  "object": {
    "pins": [
      {
        "package": "TiledResources",
        "repositoryURL": "https://github.com/SwiftStudies/TiledResources.git",
        "state": {
          "branch": null,
          "revision": "8f5d802c48d5b47a2ac86659ba5e5e384d162d74",
          "version": "0.4.0"
        }
      },
      {
        "package": "XMLCoder",
        "repositoryURL": "https://github.com/MaxDesiatov/XMLCoder.git",
        "state": {
          "branch": null,
          "revision": "ac411bd6ab342780be0dfe6f679410f791d751d9",
          "version": "0.11.1"
        }
      }
    ]
  },
  "version": 1
}
